# This file is automatically @generated by Cargo.
# It is not intended for manual editing.
version = 4

[[package]]
name = "conduct"
version = "0.1.0"
dependencies = [
 "conduit-panel",
 "conduit-runtime",
]

[[package]]
name = "conduit-core"
version = "0.1.0"

[[package]]
name = "conduit-panel"
version = "0.1.0"
dependencies = [
 "conduit-core",
]

[[package]]
name = "conduit-runtime"
version = "0.1.0"
dependencies = [
 "conduit-core",
 "conduit-panel",
]
